
Microsoft Visual Studio Solution File, Format Version 12.00
# Visual Studio 15
Project("{FAE04EC0-301F-11D3-BF4B-00C04F79EFBC}") = "Api", "Api.csproj", "{EC939228-7ABA-457C-8668-B8B7E8E1215F}"
EndProject
Global
	GlobalSection(SolutionConfigurationPlatforms) = preSolution
		Debug|Any CPU = Debug|Any CPU
		Release|Any CPU = Release|Any CPU
	EndGlobalSection
	GlobalSection(ProjectConfigurationPlatforms) = postSolution
		{EC939228-7ABA-457C-8668-B8B7E8E1215F}.Debug|Any CPU.ActiveCfg = Debug|Any CPU
		{EC939228-7ABA-457C-8668-B8B7E8E1215F}.Debug|Any CPU.Build.0 = Debug|Any CPU
		{EC939228-7ABA-457C-8668-B8B7E8E1215F}.Release|Any CPU.ActiveCfg = Release|Any CPU
		{EC939228-7ABA-457C-8668-B8B7E8E1215F}.Release|Any CPU.Build.0 = Release|Any CPU
	EndGlobalSection
EndGlobal
